
Microsoft Visual Studio Solution File, Format Version 12.00
# Visual Studio 2013
VisualStudioVersion = 12.0.21005.1
MinimumVisualStudioVersion = 10.0.40219.1
Project("{FAE04EC0-301F-11D3-BF4B-00C04F79EFBC}") = "AirShopp.UI", "AirShopp.UI\AirShopp.UI.csproj", "{6532C343-A8AC-4316-969C-408D84247FCE}"
EndProject
Project("{FAE04EC0-301F-11D3-BF4B-00C04F79EFBC}") = "AirShopp.DataAccess", "AirShopp.DataAccess\AirShopp.DataAccess.csproj", "{2F40B81E-FF54-4774-86C0-67381B8A9DF3}"
EndProject
Project("{FAE04EC0-301F-11D3-BF4B-00C04F79EFBC}") = "AirShopp.Domain", "AirShopp.Domain\AirShopp.Domain.csproj", "{1383C9C2-3A93-40CD-A824-95B7531A5C68}"
EndProject
Project("{FAE04EC0-301F-11D3-BF4B-00C04F79EFBC}") = "AirShopp.Common", "AirShopp.Common\AirShopp.Common.csproj", "{B1A5448B-8EAF-47BA-8549-12225EA895D4}"
EndProject
Global
	GlobalSection(SolutionConfigurationPlatforms) = preSolution
		Debug|Any CPU = Debug|Any CPU
		Release|Any CPU = Release|Any CPU
	EndGlobalSection
	GlobalSection(ProjectConfigurationPlatforms) = postSolution
		{6532C343-A8AC-4316-969C-408D84247FCE}.Debug|Any CPU.ActiveCfg = Debug|Any CPU
		{6532C343-A8AC-4316-969C-408D84247FCE}.Debug|Any CPU.Build.0 = Debug|Any CPU
		{6532C343-A8AC-4316-969C-408D84247FCE}.Release|Any CPU.ActiveCfg = Release|Any CPU
		{6532C343-A8AC-4316-969C-408D84247FCE}.Release|Any CPU.Build.0 = Release|Any CPU
		{2F40B81E-FF54-4774-86C0-67381B8A9DF3}.Debug|Any CPU.ActiveCfg = Debug|Any CPU
		{2F40B81E-FF54-4774-86C0-67381B8A9DF3}.Debug|Any CPU.Build.0 = Debug|Any CPU
		{2F40B81E-FF54-4774-86C0-67381B8A9DF3}.Release|Any CPU.ActiveCfg = Release|Any CPU
		{2F40B81E-FF54-4774-86C0-67381B8A9DF3}.Release|Any CPU.Build.0 = Release|Any CPU
		{1383C9C2-3A93-40CD-A824-95B7531A5C68}.Debug|Any CPU.ActiveCfg = Debug|Any CPU
		{1383C9C2-3A93-40CD-A824-95B7531A5C68}.Debug|Any CPU.Build.0 = Debug|Any CPU
		{1383C9C2-3A93-40CD-A824-95B7531A5C68}.Release|Any CPU.ActiveCfg = Release|Any CPU
		{1383C9C2-3A93-40CD-A824-95B7531A5C68}.Release|Any CPU.Build.0 = Release|Any CPU
		{B1A5448B-8EAF-47BA-8549-12225EA895D4}.Debug|Any CPU.ActiveCfg = Debug|Any CPU
		{B1A5448B-8EAF-47BA-8549-12225EA895D4}.Debug|Any CPU.Build.0 = Debug|Any CPU
		{B1A5448B-8EAF-47BA-8549-12225EA895D4}.Release|Any CPU.ActiveCfg = Release|Any CPU
		{B1A5448B-8EAF-47BA-8549-12225EA895D4}.Release|Any CPU.Build.0 = Release|Any CPU
	EndGlobalSection
	GlobalSection(SolutionProperties) = preSolution
		HideSolutionNode = FALSE
	EndGlobalSection
EndGlobal
